// !$*UTF8*$!
{
	archiveVersion = 1;
	classes = {
	};
	objectVersion = 50;
	objects = {

/* Begin PBXBuildFile section */
		3BDAB8AB219DE00A003E01F4 /* AppDelegate.swift in Sources */ = {isa = PBXBuildFile; fileRef = 3BDAB8AA219DE00A003E01F4 /* AppDelegate.swift */; };
		3BDAB8B0219DE00A003E01F4 /* Main.storyboard in Resources */ = {isa = PBXBuildFile; fileRef = 3BDAB8AE219DE00A003E01F4 /* Main.storyboard */; };
		3BDAB8B2219DE00D003E01F4 /* Assets.xcassets in Resources */ = {isa = PBXBuildFile; fileRef = 3BDAB8B1219DE00D003E01F4 /* Assets.xcassets */; };
		3BDAB8B5219DE00D003E01F4 /* LaunchScreen.storyboard in Resources */ = {isa = PBXBuildFile; fileRef = 3BDAB8B3219DE00D003E01F4 /* LaunchScreen.storyboard */; };
		3BDAB8C0219DE054003E01F4 /* RandomPairsTableViewController.swift in Sources */ = {isa = PBXBuildFile; fileRef = 3BDAB8BF219DE054003E01F4 /* RandomPairsTableViewController.swift */; };
		3BDAB8C4219DE208003E01F4 /* RandomPairController.swift in Sources */ = {isa = PBXBuildFile; fileRef = 3BDAB8C3219DE208003E01F4 /* RandomPairController.swift */; };
/* End PBXBuildFile section */

/* Begin PBXFileReference section */
		3BDAB8A7219DE00A003E01F4 /* RandomPairs2.app */ = {isa = PBXFileReference; explicitFileType = wrapper.application; includeInIndex = 0; path = RandomPairs2.app; sourceTree = BUILT_PRODUCTS_DIR; };
		3BDAB8AA219DE00A003E01F4 /* AppDelegate.swift */ = {isa = PBXFileReference; lastKnownFileType = sourcecode.swift; path = AppDelegate.swift; sourceTree = "<group>"; };
		3BDAB8AF219DE00A003E01F4 /* Base */ = {isa = PBXFileReference; lastKnownFileType = file.storyboard; name = Base; path = Base.lproj/Main.storyboard; sourceTree = "<group>"; };
		3BDAB8B1219DE00D003E01F4 /* Assets.xcassets */ = {isa = PBXFileReference; lastKnownFileType = folder.assetcatalog; path = Assets.xcassets; sourceTree = "<group>"; };
		3BDAB8B4219DE00D003E01F4 /* Base */ = {isa = PBXFileReference; lastKnownFileType = file.storyboard; name = Base; path = Base.lproj/LaunchScreen.storyboard; sourceTree = "<group>"; };
		3BDAB8B6219DE00D003E01F4 /* Info.plist */ = {isa = PBXFileReference; lastKnownFileType = text.plist.xml; path = Info.plist; sourceTree = "<group>"; };
		3BDAB8BF219DE054003E01F4 /* RandomPairsTableViewController.swift */ = {isa = PBXFileReference; lastKnownFileType = sourcecode.swift; path = RandomPairsTableViewController.swift; sourceTree = "<group>"; };
		3BDAB8C3219DE208003E01F4 /* RandomPairController.swift */ = {isa = PBXFileReference; lastKnownFileType = sourcecode.swift; path = RandomPairController.swift; sourceTree = "<group>"; };
/* End PBXFileReference section */

/* Begin PBXFrameworksBuildPhase section */
		3BDAB8A4219DE00A003E01F4 /* Frameworks */ = {
			isa = PBXFrameworksBuildPhase;
			buildActionMask = 2147483647;
			files = (
			);
			runOnlyForDeploymentPostprocessing = 0;
		};
/* End PBXFrameworksBuildPhase section */

/* Begin PBXGroup section */
		3BDAB89E219DE00A003E01F4 = {
			isa = PBXGroup;
			children = (
				3BDAB8A9219DE00A003E01F4 /* RandomPairs2 */,
				3BDAB8A8219DE00A003E01F4 /* Products */,
			);
			sourceTree = "<group>";
		};
		3BDAB8A8219DE00A003E01F4 /* Products */ = {
			isa = PBXGroup;
			children = (
				3BDAB8A7219DE00A003E01F4 /* RandomPairs2.app */,
			);
			name = Products;
			sourceTree = "<group>";
		};
		3BDAB8A9219DE00A003E01F4 /* RandomPairs2 */ = {
			isa = PBXGroup;
			children = (
				3BDAB8C1219DE1EA003E01F4 /* Model */,
				3BDAB8C2219DE1F0003E01F4 /* ModelController */,
				3BDAB8BE219DE034003E01F4 /* ViewControllers */,
				3BDAB8BD219DE02E003E01F4 /* UI */,
				3BDAB8BC219DE025003E01F4 /* resources */,
			);
			path = RandomPairs2;
			sourceTree = "<group>";
		};
		3BDAB8BC219DE025003E01F4 /* resources */ = {
			isa = PBXGroup;
			children = (
				3BDAB8B1219DE00D003E01F4 /* Assets.xcassets */,
				3BDAB8AA219DE00A003E01F4 /* AppDelegate.swift */,
				3BDAB8B3219DE00D003E01F4 /* LaunchScreen.storyboard */,
				3BDAB8B6219DE00D003E01F4 /* Info.plist */,
			);
			path = resources;
			sourceTree = "<group>";
		};
		3BDAB8BD219DE02E003E01F4 /* UI */ = {
			isa = PBXGroup;
			children = (
				3BDAB8AE219DE00A003E01F4 /* Main.storyboard */,
			);
			path = UI;
			sourceTree = "<group>";
		};
		3BDAB8BE219DE034003E01F4 /* ViewControllers */ = {
			isa = PBXGroup;
			children = (
				3BDAB8BF219DE054003E01F4 /* RandomPairsTableViewController.swift */,
			);
			path = ViewControllers;
			sourceTree = "<group>";
		};
		3BDAB8C1219DE1EA003E01F4 /* Model */ = {
			isa = PBXGroup;
			children = (
			);
			path = Model;
			sourceTree = "<group>";
		};
		3BDAB8C2219DE1F0003E01F4 /* ModelController */ = {
			isa = PBXGroup;
			children = (
				3BDAB8C3219DE208003E01F4 /* RandomPairController.swift */,
			);
			path = ModelController;
			sourceTree = "<group>";
		};
/* End PBXGroup section */

/* Begin PBXNativeTarget section */
		3BDAB8A6219DE00A003E01F4 /* RandomPairs2 */ = {
			isa = PBXNativeTarget;
			buildConfigurationList = 3BDAB8B9219DE00D003E01F4 /* Build configuration list for PBXNativeTarget "RandomPairs2" */;
			buildPhases = (
				3BDAB8A3219DE00A003E01F4 /* Sources */,
				3BDAB8A4219DE00A003E01F4 /* Frameworks */,
				3BDAB8A5219DE00A003E01F4 /* Resources */,
			);
			buildRules = (
			);
			dependencies = (
			);
			name = RandomPairs2;
			productName = RandomPairs2;
			productReference = 3BDAB8A7219DE00A003E01F4 /* RandomPairs2.app */;
			productType = "com.apple.product-type.application";
		};
/* End PBXNativeTarget section */

/* Begin PBXProject section */
		3BDAB89F219DE00A003E01F4 /* Project object */ = {
			isa = PBXProject;
			attributes = {
				LastSwiftUpdateCheck = 1000;
				LastUpgradeCheck = 1000;
				ORGANIZATIONNAME = "Kamil Wrobel";
				TargetAttributes = {
					3BDAB8A6219DE00A003E01F4 = {
						CreatedOnToolsVersion = 10.0;
					};
				};
			};
			buildConfigurationList = 3BDAB8A2219DE00A003E01F4 /* Build configuration list for PBXProject "RandomPairs2" */;
			compatibilityVersion = "Xcode 9.3";
			developmentRegion = en;
			hasScannedForEncodings = 0;
			knownRegions = (
				en,
				Base,
			);
			mainGroup = 3BDAB89E219DE00A003E01F4;
			productRefGroup = 3BDAB8A8219DE00A003E01F4 /* Products */;
			projectDirPath = "";
			projectRoot = "";
			targets = (
				3BDAB8A6219DE00A003E01F4 /* RandomPairs2 */,
			);
		};
/* End PBXProject section */

/* Begin PBXResourcesBuildPhase section */
		3BDAB8A5219DE00A003E01F4 /* Resources */ = {
			isa = PBXResourcesBuildPhase;
			buildActionMask = 2147483647;
			files = (
				3BDAB8B5219DE00D003E01F4 /* LaunchScreen.storyboard in Resources */,
				3BDAB8B2219DE00D003E01F4 /* Assets.xcassets in Resources */,
				3BDAB8B0219DE00A003E01F4 /* Main.storyboard in Resources */,
			);
			runOnlyForDeploymentPostprocessing = 0;
		};
/* End PBXResourcesBuildPhase section */

/* Begin PBXSourcesBuildPhase section */
		3BDAB8A3219DE00A003E01F4 /* Sources */ = {
			isa = PBXSourcesBuildPhase;
			buildActionMask = 2147483647;
			files = (
				3BDAB8C0219DE054003E01F4 /* RandomPairsTableViewController.swift in Sources */,
				3BDAB8AB219DE00A003E01F4 /* AppDelegate.swift in Sources */,
				3BDAB8C4219DE208003E01F4 /* RandomPairController.swift in Sources */,
			);
			runOnlyForDeploymentPostprocessing = 0;
		};
/* End PBXSourcesBuildPhase section */

/* Begin PBXVariantGroup section */
		3BDAB8AE219DE00A003E01F4 /* Main.storyboard */ = {
			isa = PBXVariantGroup;
			children = (
				3BDAB8AF219DE00A003E01F4 /* Base */,
			);
			name = Main.storyboard;
			sourceTree = "<group>";
		};
		3BDAB8B3219DE00D003E01F4 /* LaunchScreen.storyboard */ = {
			isa = PBXVariantGroup;
			children = (
				3BDAB8B4219DE00D003E01F4 /* Base */,
			);
			name = LaunchScreen.storyboard;
			sourceTree = "<group>";
		};
/* End PBXVariantGroup section */

/* Begin XCBuildConfiguration section */
		3BDAB8B7219DE00D003E01F4 /* Debug */ = {
			isa = XCBuildConfiguration;
			buildSettings = {
				ALWAYS_SEARCH_USER_PATHS = NO;
				CLANG_ANALYZER_NONNULL = YES;
				CLANG_ANALYZER_NUMBER_OBJECT_CONVERSION = YES_AGGRESSIVE;
				CLANG_CXX_LANGUAGE_STANDARD = "gnu++14";
				CLANG_CXX_LIBRARY = "libc++";
				CLANG_ENABLE_MODULES = YES;
				CLANG_ENABLE_OBJC_ARC = YES;
				CLANG_ENABLE_OBJC_WEAK = YES;
				CLANG_WARN_BLOCK_CAPTURE_AUTORELEASING = YES;
				CLANG_WARN_BOOL_CONVERSION = YES;
				CLANG_WARN_COMMA = YES;
				CLANG_WARN_CONSTANT_CONVERSION = YES;
				CLANG_WARN_DEPRECATED_OBJC_IMPLEMENTATIONS = YES;
				CLANG_WARN_DIRECT_OBJC_ISA_USAGE = YES_ERROR;
				CLANG_WARN_DOCUMENTATION_COMMENTS = YES;
				CLANG_WARN_EMPTY_BODY = YES;
				CLANG_WARN_ENUM_CONVERSION = YES;
				CLANG_WARN_INFINITE_RECURSION = YES;
				CLANG_WARN_INT_CONVERSION = YES;
				CLANG_WARN_NON_LITERAL_NULL_CONVERSION = YES;
				CLANG_WARN_OBJC_IMPLICIT_RETAIN_SELF = YES;
				CLANG_WARN_OBJC_LITERAL_CONVERSION = YES;
				CLANG_WARN_OBJC_ROOT_CLASS = YES_ERROR;
				CLANG_WARN_RANGE_LOOP_ANALYSIS = YES;
				CLANG_WARN_STRICT_PROTOTYPES = YES;
				CLANG_WARN_SUSPICIOUS_MOVE = YES;
				CLANG_WARN_UNGUARDED_AVAILABILITY = YES_AGGRESSIVE;
				CLANG_WARN_UNREACHABLE_CODE = YES;
				CLANG_WARN__DUPLICATE_METHOD_MATCH = YES;
				CODE_SIGN_IDENTITY = "iPhone Developer";
				COPY_PHASE_STRIP = NO;
				DEBUG_INFORMATION_FORMAT = dwarf;
				ENABLE_STRICT_OBJC_MSGSEND = YES;
				ENABLE_TESTABILITY = YES;
				GCC_C_LANGUAGE_STANDARD = gnu11;
				GCC_DYNAMIC_NO_PIC = NO;
				GCC_NO_COMMON_BLOCKS = YES;
				GCC_OPTIMIZATION_LEVEL = 0;
				GCC_PREPROCESSOR_DEFINITIONS = (
					"DEBUG=1",
					"$(inherited)",
				);
				GCC_WARN_64_TO_32_BIT_CONVERSION = YES;
				GCC_WARN_ABOUT_RETURN_TYPE = YES_ERROR;
				GCC_WARN_UNDECLARED_SELECTOR = YES;
				GCC_WARN_UNINITIALIZED_AUTOS = YES_AGGRESSIVE;
				GCC_WARN_UNUSED_FUNCTION = YES;
				GCC_WARN_UNUSED_VARIABLE = YES;
				IPHONEOS_DEPLOYMENT_TARGET = 12.0;
				MTL_ENABLE_DEBUG_INFO = INCLUDE_SOURCE;
				MTL_FAST_MATH = YES;
				ONLY_ACTIVE_ARCH = YES;
				SDKROOT = iphoneos;
				SWIFT_ACTIVE_COMPILATION_CONDITIONS = DEBUG;
				SWIFT_OPTIMIZATION_LEVEL = "-Onone";
			};
			name = Debug;
		};
		3BDAB8B8219DE00D003E01F4 /* Release */ = {
			isa = XCBuildConfiguration;
			buildSettings = {
				ALWAYS_SEARCH_USER_PATHS = NO;
				CLANG_ANALYZER_NONNULL = YES;
				CLANG_ANALYZER_NUMBER_OBJECT_CONVERSION = YES_AGGRESSIVE;
				CLANG_CXX_LANGUAGE_STANDARD = "gnu++14";
				CLANG_CXX_LIBRARY = "libc++";
				CLANG_ENABLE_MODULES = YES;
				CLANG_ENABLE_OBJC_ARC = YES;
				CLANG_ENABLE_OBJC_WEAK = YES;
				CLANG_WARN_BLOCK_CAPTURE_AUTORELEASING = YES;
				CLANG_WARN_BOOL_CONVERSION = YES;
				CLANG_WARN_COMMA = YES;
				CLANG_WARN_CONSTANT_CONVERSION = YES;
				CLANG_WARN_DEPRECATED_OBJC_IMPLEMENTATIONS = YES;
				CLANG_WARN_DIRECT_OBJC_ISA_USAGE = YES_ERROR;
				CLANG_WARN_DOCUMENTATION_COMMENTS = YES;
				CLANG_WARN_EMPTY_BODY = YES;
				CLANG_WARN_ENUM_CONVERSION = YES;
				CLANG_WARN_INFINITE_RECURSION = YES;
				CLANG_WARN_INT_CONVERSION = YES;
				CLANG_WARN_NON_LITERAL_NULL_CONVERSION = YES;
				CLANG_WARN_OBJC_IMPLICIT_RETAIN_SELF = YES;
				CLANG_WARN_OBJC_LITERAL_CONVERSION = YES;
				CLANG_WARN_OBJC_ROOT_CLASS = YES_ERROR;
				CLANG_WARN_RANGE_LOOP_ANALYSIS = YES;
				CLANG_WARN_STRICT_PROTOTYPES = YES;
				CLANG_WARN_SUSPICIOUS_MOVE = YES;
				CLANG_WARN_UNGUARDED_AVAILABILITY = YES_AGGRESSIVE;
				CLANG_WARN_UNREACHABLE_CODE = YES;
				CLANG_WARN__DUPLICATE_METHOD_MATCH = YES;
				CODE_SIGN_IDENTITY = "iPhone Developer";
				COPY_PHASE_STRIP = NO;
				DEBUG_INFORMATION_FORMAT = "dwarf-with-dsym";
				ENABLE_NS_ASSERTIONS = NO;
				ENABLE_STRICT_OBJC_MSGSEND = YES;
				GCC_C_LANGUAGE_STANDARD = gnu11;
				GCC_NO_COMMON_BLOCKS = YES;
				GCC_WARN_64_TO_32_BIT_CONVERSION = YES;
				GCC_WARN_ABOUT_RETURN_TYPE = YES_ERROR;
				GCC_WARN_UNDECLARED_SELECTOR = YES;
				GCC_WARN_UNINITIALIZED_AUTOS = YES_AGGRESSIVE;
				GCC_WARN_UNUSED_FUNCTION = YES;
				GCC_WARN_UNUSED_VARIABLE = YES;
				IPHONEOS_DEPLOYMENT_TARGET = 12.0;
				MTL_ENABLE_DEBUG_INFO = NO;
				MTL_FAST_MATH = YES;
				SDKROOT = iphoneos;
				SWIFT_COMPILATION_MODE = wholemodule;
				SWIFT_OPTIMIZATION_LEVEL = "-O";
				VALIDATE_PRODUCT = YES;
			};
			name = Release;
		};
		3BDAB8BA219DE00D003E01F4 /* Debug */ = {
			isa = XCBuildConfiguration;
			buildSettings = {
				ASSETCATALOG_COMPILER_APPICON_NAME = AppIcon;
				CODE_SIGN_STYLE = Automatic;
				DEVELOPMENT_TEAM = 5EAUJPVR66;
				INFOPLIST_FILE = "$(SRCROOT)/RandomPairs2/resources/Info.plist";
				LD_RUNPATH_SEARCH_PATHS = (
					"$(inherited)",
					"@executable_path/Frameworks",
				);
				PRODUCT_BUNDLE_IDENTIFIER = com.xwrobelekx.RandomPairs2;
				PRODUCT_NAME = "$(TARGET_NAME)";
				SWIFT_VERSION = 4.2;
				TARGETED_DEVICE_FAMILY = "1,2";
			};
			name = Debug;
		};
		3BDAB8BB219DE00D003E01F4 /* Release */ = {
			isa = XCBuildConfiguration;
			buildSettings = {
				ASSETCATALOG_COMPILER_APPICON_NAME = AppIcon;
				CODE_SIGN_STYLE = Automatic;
				DEVELOPMENT_TEAM = 5EAUJPVR66;
				INFOPLIST_FILE = "$(SRCROOT)/RandomPairs2/resources/Info.plist";
				LD_RUNPATH_SEARCH_PATHS = (
					"$(inherited)",
					"@executable_path/Frameworks",
				);
				PRODUCT_BUNDLE_IDENTIFIER = com.xwrobelekx.RandomPairs2;
				PRODUCT_NAME = "$(TARGET_NAME)";
				SWIFT_VERSION = 4.2;
				TARGETED_DEVICE_FAMILY = "1,2";
			};
			name = Release;
		};
/* End XCBuildConfiguration section */

/* Begin XCConfigurationList section */
		3BDAB8A2219DE00A003E01F4 /* Build configuration list for PBXProject "RandomPairs2" */ = {
			isa = XCConfigurationList;
			buildConfigurations = (
				3BDAB8B7219DE00D003E01F4 /* Debug */,
				3BDAB8B8219DE00D003E01F4 /* Release */,
			);
			defaultConfigurationIsVisible = 0;
			defaultConfigurationName = Release;
		};
		3BDAB8B9219DE00D003E01F4 /* Build configuration list for PBXNativeTarget "RandomPairs2" */ = {
			isa = XCConfigurationList;
			buildConfigurations = (
				3BDAB8BA219DE00D003E01F4 /* Debug */,
				3BDAB8BB219DE00D003E01F4 /* Release */,
			);
			defaultConfigurationIsVisible = 0;
			defaultConfigurationName = Release;
		};
/* End XCConfigurationList section */
	};
	rootObject = 3BDAB89F219DE00A003E01F4 /* Project object */;
}
